
Microsoft Visual Studio Solution File, Format Version 12.00
# Visual Studio Version 16
VisualStudioVersion = 16.0.30309.148
MinimumVisualStudioVersion = 10.0.40219.1
Project("{FAE04EC0-301F-11D3-BF4B-00C04F79EFBC}") = "AppendixApp.Android", "AppendixApp\AppendixApp.Android\AppendixApp.Android.csproj", "{B34115B5-3E32-4248-816E-84E4404E651C}"
EndProject
Project("{FAE04EC0-301F-11D3-BF4B-00C04F79EFBC}") = "AppendixApp.iOS", "AppendixApp\AppendixApp.iOS\AppendixApp.iOS.csproj", "{0F3EE666-8250-4F40-A2DF-E87207FC63CF}"
EndProject
Project("{FAE04EC0-301F-11D3-BF4B-00C04F79EFBC}") = "AppendixApp", "AppendixApp\AppendixApp\AppendixApp.csproj", "{C4188832-4257-48D3-B581-2DBCB74EB076}"
EndProject
Global
	GlobalSection(SolutionConfigurationPlatforms) = preSolution
		Debug|Any CPU = Debug|Any CPU
		Debug|iPhone = Debug|iPhone
		Debug|iPhoneSimulator = Debug|iPhoneSimulator
		Release|Any CPU = Release|Any CPU
		Release|iPhone = Release|iPhone
		Release|iPhoneSimulator = Release|iPhoneSimulator
	EndGlobalSection
	GlobalSection(ProjectConfigurationPlatforms) = postSolution
		{B34115B5-3E32-4248-816E-84E4404E651C}.Debug|Any CPU.ActiveCfg = Debug|Any CPU
		{B34115B5-3E32-4248-816E-84E4404E651C}.Debug|Any CPU.Build.0 = Debug|Any CPU
		{B34115B5-3E32-4248-816E-84E4404E651C}.Debug|Any CPU.Deploy.0 = Debug|Any CPU
		{B34115B5-3E32-4248-816E-84E4404E651C}.Debug|iPhone.ActiveCfg = Debug|Any CPU
		{B34115B5-3E32-4248-816E-84E4404E651C}.Debug|iPhone.Build.0 = Debug|Any CPU
		{B34115B5-3E32-4248-816E-84E4404E651C}.Debug|iPhone.Deploy.0 = Debug|Any CPU
		{B34115B5-3E32-4248-816E-84E4404E651C}.Debug|iPhoneSimulator.ActiveCfg = Debug|Any CPU
		{B34115B5-3E32-4248-816E-84E4404E651C}.Debug|iPhoneSimulator.Build.0 = Debug|Any CPU
		{B34115B5-3E32-4248-816E-84E4404E651C}.Debug|iPhoneSimulator.Deploy.0 = Debug|Any CPU
		{B34115B5-3E32-4248-816E-84E4404E651C}.Release|Any CPU.ActiveCfg = Release|Any CPU
		{B34115B5-3E32-4248-816E-84E4404E651C}.Release|Any CPU.Build.0 = Release|Any CPU
		{B34115B5-3E32-4248-816E-84E4404E651C}.Release|Any CPU.Deploy.0 = Release|Any CPU
		{B34115B5-3E32-4248-816E-84E4404E651C}.Release|iPhone.ActiveCfg = Release|Any CPU
		{B34115B5-3E32-4248-816E-84E4404E651C}.Release|iPhone.Build.0 = Release|Any CPU
		{B34115B5-3E32-4248-816E-84E4404E651C}.Release|iPhone.Deploy.0 = Release|Any CPU
		{B34115B5-3E32-4248-816E-84E4404E651C}.Release|iPhoneSimulator.ActiveCfg = Release|Any CPU
		{B34115B5-3E32-4248-816E-84E4404E651C}.Release|iPhoneSimulator.Build.0 = Release|Any CPU
		{B34115B5-3E32-4248-816E-84E4404E651C}.Release|iPhoneSimulator.Deploy.0 = Release|Any CPU
		{0F3EE666-8250-4F40-A2DF-E87207FC63CF}.Debug|Any CPU.ActiveCfg = Debug|iPhone
		{0F3EE666-8250-4F40-A2DF-E87207FC63CF}.Debug|Any CPU.Build.0 = Debug|iPhone
		{0F3EE666-8250-4F40-A2DF-E87207FC63CF}.Debug|Any CPU.Deploy.0 = Debug|iPhone
		{0F3EE666-8250-4F40-A2DF-E87207FC63CF}.Debug|iPhone.ActiveCfg = Debug|iPhone
		{0F3EE666-8250-4F40-A2DF-E87207FC63CF}.Debug|iPhone.Build.0 = Debug|iPhone
		{0F3EE666-8250-4F40-A2DF-E87207FC63CF}.Debug|iPhone.Deploy.0 = Debug|iPhone
		{0F3EE666-8250-4F40-A2DF-E87207FC63CF}.Debug|iPhoneSimulator.ActiveCfg = Debug|iPhoneSimulator
		{0F3EE666-8250-4F40-A2DF-E87207FC63CF}.Debug|iPhoneSimulator.Build.0 = Debug|iPhoneSimulator
		{0F3EE666-8250-4F40-A2DF-E87207FC63CF}.Debug|iPhoneSimulator.Deploy.0 = Debug|iPhoneSimulator
		{0F3EE666-8250-4F40-A2DF-E87207FC63CF}.Release|Any CPU.ActiveCfg = Release|iPhone
		{0F3EE666-8250-4F40-A2DF-E87207FC63CF}.Release|Any CPU.Build.0 = Release|iPhone
		{0F3EE666-8250-4F40-A2DF-E87207FC63CF}.Release|Any CPU.Deploy.0 = Release|iPhone
		{0F3EE666-8250-4F40-A2DF-E87207FC63CF}.Release|iPhone.ActiveCfg = Release|iPhone
		{0F3EE666-8250-4F40-A2DF-E87207FC63CF}.Release|iPhone.Build.0 = Release|iPhone
		{0F3EE666-8250-4F40-A2DF-E87207FC63CF}.Release|iPhone.Deploy.0 = Release|iPhone
		{0F3EE666-8250-4F40-A2DF-E87207FC63CF}.Release|iPhoneSimulator.ActiveCfg = Release|iPhoneSimulator
		{0F3EE666-8250-4F40-A2DF-E87207FC63CF}.Release|iPhoneSimulator.Build.0 = Release|iPhoneSimulator
		{0F3EE666-8250-4F40-A2DF-E87207FC63CF}.Release|iPhoneSimulator.Deploy.0 = Release|iPhoneSimulator
		{C4188832-4257-48D3-B581-2DBCB74EB076}.Debug|Any CPU.ActiveCfg = Debug|Any CPU
		{C4188832-4257-48D3-B581-2DBCB74EB076}.Debug|Any CPU.Build.0 = Debug|Any CPU
		{C4188832-4257-48D3-B581-2DBCB74EB076}.Debug|Any CPU.Deploy.0 = Debug|Any CPU
		{C4188832-4257-48D3-B581-2DBCB74EB076}.Debug|iPhone.ActiveCfg = Debug|Any CPU
		{C4188832-4257-48D3-B581-2DBCB74EB076}.Debug|iPhone.Build.0 = Debug|Any CPU
		{C4188832-4257-48D3-B581-2DBCB74EB076}.Debug|iPhone.Deploy.0 = Debug|Any CPU
		{C4188832-4257-48D3-B581-2DBCB74EB076}.Debug|iPhoneSimulator.ActiveCfg = Debug|Any CPU
		{C4188832-4257-48D3-B581-2DBCB74EB076}.Debug|iPhoneSimulator.Build.0 = Debug|Any CPU
		{C4188832-4257-48D3-B581-2DBCB74EB076}.Debug|iPhoneSimulator.Deploy.0 = Debug|Any CPU
		{C4188832-4257-48D3-B581-2DBCB74EB076}.Release|Any CPU.ActiveCfg = Release|Any CPU
		{C4188832-4257-48D3-B581-2DBCB74EB076}.Release|Any CPU.Build.0 = Release|Any CPU
		{C4188832-4257-48D3-B581-2DBCB74EB076}.Release|Any CPU.Deploy.0 = Release|Any CPU
		{C4188832-4257-48D3-B581-2DBCB74EB076}.Release|iPhone.ActiveCfg = Release|Any CPU
		{C4188832-4257-48D3-B581-2DBCB74EB076}.Release|iPhone.Build.0 = Release|Any CPU
		{C4188832-4257-48D3-B581-2DBCB74EB076}.Release|iPhone.Deploy.0 = Release|Any CPU
		{C4188832-4257-48D3-B581-2DBCB74EB076}.Release|iPhoneSimulator.ActiveCfg = Release|Any CPU
		{C4188832-4257-48D3-B581-2DBCB74EB076}.Release|iPhoneSimulator.Build.0 = Release|Any CPU
		{C4188832-4257-48D3-B581-2DBCB74EB076}.Release|iPhoneSimulator.Deploy.0 = Release|Any CPU
	EndGlobalSection
	GlobalSection(SolutionProperties) = preSolution
		HideSolutionNode = FALSE
	EndGlobalSection
	GlobalSection(ExtensibilityGlobals) = postSolution
		SolutionGuid = {ED71B30A-2BC0-45AA-84F0-849B0A1398F3}
	EndGlobalSection
EndGlobal
